
Microsoft Visual Studio Solution File, Format Version 12.00
# Visual Studio Version 17
VisualStudioVersion = 17.3.32825.248
MinimumVisualStudioVersion = 10.0.40219.1
Project("{9A19103F-16F7-4668-BE54-9A1E7A4F7556}") = "Signup", "Signup.csproj", "{DFC9B168-54D8-4D90-B623-B050DDB89108}"
EndProject
Global
	GlobalSection(SolutionConfigurationPlatforms) = preSolution
		Debug|Any CPU = Debug|Any CPU
		Release|Any CPU = Release|Any CPU
	EndGlobalSection
	GlobalSection(ProjectConfigurationPlatforms) = postSolution
		{DFC9B168-54D8-4D90-B623-B050DDB89108}.Debug|Any CPU.ActiveCfg = Debug|Any CPU
		{DFC9B168-54D8-4D90-B623-B050DDB89108}.Debug|Any CPU.Build.0 = Debug|Any CPU
		{DFC9B168-54D8-4D90-B623-B050DDB89108}.Release|Any CPU.ActiveCfg = Release|Any CPU
		{DFC9B168-54D8-4D90-B623-B050DDB89108}.Release|Any CPU.Build.0 = Release|Any CPU
	EndGlobalSection
	GlobalSection(SolutionProperties) = preSolution
		HideSolutionNode = FALSE
	EndGlobalSection
	GlobalSection(ExtensibilityGlobals) = postSolution
		SolutionGuid = {83645029-14D4-47CF-A41F-76F1009CE8A0}
	EndGlobalSection
EndGlobal
